
Microsoft Visual Studio Solution File, Format Version 12.00
# Visual Studio Version 17
VisualStudioVersion = 17.8.34330.188
MinimumVisualStudioVersion = 10.0.40219.1
Project("{9A19103F-16F7-4668-BE54-9A1E7A4F7556}") = "RestaurantReservation", "RestaurantReservation\RestaurantReservation.csproj", "{B11F5E00-FDF2-4E8E-8FDD-AD992B571139}"
EndProject
Project("{FAE04EC0-301F-11D3-BF4B-00C04F79EFBC}") = "RestaurantReservation.Db", "RestaurantReservation.Db\RestaurantReservation.Db.csproj", "{8F8F3FFD-6AEB-4F4A-AAC1-0BF1A67DD02C}"
EndProject
Global
	GlobalSection(SolutionConfigurationPlatforms) = preSolution
		Debug|Any CPU = Debug|Any CPU
		Release|Any CPU = Release|Any CPU
	EndGlobalSection
	GlobalSection(ProjectConfigurationPlatforms) = postSolution
		{B11F5E00-FDF2-4E8E-8FDD-AD992B571139}.Debug|Any CPU.ActiveCfg = Debug|Any CPU
		{B11F5E00-FDF2-4E8E-8FDD-AD992B571139}.Debug|Any CPU.Build.0 = Debug|Any CPU
		{B11F5E00-FDF2-4E8E-8FDD-AD992B571139}.Release|Any CPU.ActiveCfg = Release|Any CPU
		{B11F5E00-FDF2-4E8E-8FDD-AD992B571139}.Release|Any CPU.Build.0 = Release|Any CPU
		{8F8F3FFD-6AEB-4F4A-AAC1-0BF1A67DD02C}.Debug|Any CPU.ActiveCfg = Release|Any CPU
		{8F8F3FFD-6AEB-4F4A-AAC1-0BF1A67DD02C}.Debug|Any CPU.Build.0 = Release|Any CPU
		{8F8F3FFD-6AEB-4F4A-AAC1-0BF1A67DD02C}.Release|Any CPU.ActiveCfg = Release|Any CPU
		{8F8F3FFD-6AEB-4F4A-AAC1-0BF1A67DD02C}.Release|Any CPU.Build.0 = Release|Any CPU
	EndGlobalSection
	GlobalSection(SolutionProperties) = preSolution
		HideSolutionNode = FALSE
	EndGlobalSection
	GlobalSection(ExtensibilityGlobals) = postSolution
		SolutionGuid = {DBF6A6D8-2459-4801-AAE2-4945AD600EFC}
	EndGlobalSection
EndGlobal
